
Microsoft Visual Studio Solution File, Format Version 12.00
# Visual Studio Version 16
VisualStudioVersion = 16.0.31313.79
MinimumVisualStudioVersion = 10.0.40219.1
Project("{FAE04EC0-301F-11D3-BF4B-00C04F79EFBC}") = "4etnoene4etnoe", "4etnoene4etnoe\4etnoene4etnoe.csproj", "{3101B211-E6AD-4E53-9837-14E4D8FD10A9}"
EndProject
Global
	GlobalSection(SolutionConfigurationPlatforms) = preSolution
		Debug|Any CPU = Debug|Any CPU
		Release|Any CPU = Release|Any CPU
	EndGlobalSection
	GlobalSection(ProjectConfigurationPlatforms) = postSolution
		{3101B211-E6AD-4E53-9837-14E4D8FD10A9}.Debug|Any CPU.ActiveCfg = Debug|Any CPU
		{3101B211-E6AD-4E53-9837-14E4D8FD10A9}.Debug|Any CPU.Build.0 = Debug|Any CPU
		{3101B211-E6AD-4E53-9837-14E4D8FD10A9}.Release|Any CPU.ActiveCfg = Release|Any CPU
		{3101B211-E6AD-4E53-9837-14E4D8FD10A9}.Release|Any CPU.Build.0 = Release|Any CPU
	EndGlobalSection
	GlobalSection(SolutionProperties) = preSolution
		HideSolutionNode = FALSE
	EndGlobalSection
	GlobalSection(ExtensibilityGlobals) = postSolution
		SolutionGuid = {BB004757-7E09-4D3F-9B8B-1990A6C03B79}
	EndGlobalSection
EndGlobal
